// !$*UTF8*$!
{
	archiveVersion = 1;
	classes = {
	};
	objectVersion = 50;
	objects = {

/* Begin PBXBuildFile section */
		61106A5521808A5E0095D491 /* DroidNaskh-Regular.ttf in Resources */ = {isa = PBXBuildFile; fileRef = 61106A4E21808A560095D491 /* DroidNaskh-Regular.ttf */; };
		61106A5621808A5E0095D491 /* AD-Rsail.otf in Resources */ = {isa = PBXBuildFile; fileRef = 61106A4F21808A570095D491 /* AD-Rsail.otf */; };
		61106A5721808A5E0095D491 /* Neckar Font Bold.ttf in Resources */ = {isa = PBXBuildFile; fileRef = 61106A5021808A590095D491 /* Neckar Font Bold.ttf */; };
		61106A5821808A5E0095D491 /* Neckar Font Regular.ttf in Resources */ = {isa = PBXBuildFile; fileRef = 61106A5121808A5A0095D491 /* Neckar Font Regular.ttf */; };
		61106A5921808A5E0095D491 /* DroidSansArabic.ttf in Resources */ = {isa = PBXBuildFile; fileRef = 61106A5221808A5A0095D491 /* DroidSansArabic.ttf */; };
		61106A5A21808A5E0095D491 /* DroidNaskh-Bold.ttf in Resources */ = {isa = PBXBuildFile; fileRef = 61106A5321808A5C0095D491 /* DroidNaskh-Bold.ttf */; };
		61106A5B21808A5E0095D491 /* Sane Font.ttf in Resources */ = {isa = PBXBuildFile; fileRef = 61106A5421808A5D0095D491 /* Sane Font.ttf */; };
		61106A5E218090D50095D491 /* TableViewCell.swift in Sources */ = {isa = PBXBuildFile; fileRef = 61106A5D218090D50095D491 /* TableViewCell.swift */; };
		61106A602180918D0095D491 /* MainTableViewController.swift in Sources */ = {isa = PBXBuildFile; fileRef = 61106A5F2180918D0095D491 /* MainTableViewController.swift */; };
		61106A62218092810095D491 /* SubTableViewController.swift in Sources */ = {isa = PBXBuildFile; fileRef = 61106A61218092810095D491 /* SubTableViewController.swift */; };
		61106A64218092980095D491 /* MedicalTableViewController.swift in Sources */ = {isa = PBXBuildFile; fileRef = 61106A63218092980095D491 /* MedicalTableViewController.swift */; };
		61106A672180932D0095D491 /* JSONKeysNames.swift in Sources */ = {isa = PBXBuildFile; fileRef = 61106A662180932D0095D491 /* JSONKeysNames.swift */; };
		61106A692180AF2A0095D491 /* JSONModels.swift in Sources */ = {isa = PBXBuildFile; fileRef = 61106A682180AF2A0095D491 /* JSONModels.swift */; };
		61962809218002B800DF6A23 /* AppDelegate.swift in Sources */ = {isa = PBXBuildFile; fileRef = 61962808218002B800DF6A23 /* AppDelegate.swift */; };
		6196280B218002B800DF6A23 /* DetailsViewController.swift in Sources */ = {isa = PBXBuildFile; fileRef = 6196280A218002B800DF6A23 /* DetailsViewController.swift */; };
		6196280E218002B800DF6A23 /* Main.storyboard in Resources */ = {isa = PBXBuildFile; fileRef = 6196280C218002B800DF6A23 /* Main.storyboard */; };
		61962810218002BC00DF6A23 /* Assets.xcassets in Resources */ = {isa = PBXBuildFile; fileRef = 6196280F218002BC00DF6A23 /* Assets.xcassets */; };
		61962813218002BC00DF6A23 /* LaunchScreen.storyboard in Resources */ = {isa = PBXBuildFile; fileRef = 61962811218002BC00DF6A23 /* LaunchScreen.storyboard */; };
		619628252180035C00DF6A23 /* departments.json in Resources */ = {isa = PBXBuildFile; fileRef = 6196281C2180035A00DF6A23 /* departments.json */; };
		619628262180035C00DF6A23 /* hotels.json in Resources */ = {isa = PBXBuildFile; fileRef = 6196281D2180035A00DF6A23 /* hotels.json */; };
		619628272180035C00DF6A23 /* Restaurants.json in Resources */ = {isa = PBXBuildFile; fileRef = 6196281E2180035A00DF6A23 /* Restaurants.json */; };
		619628282180035C00DF6A23 /* s_hospitals.json in Resources */ = {isa = PBXBuildFile; fileRef = 6196281F2180035A00DF6A23 /* s_hospitals.json */; };
		619628292180035C00DF6A23 /* clinics in Resources */ = {isa = PBXBuildFile; fileRef = 619628202180035B00DF6A23 /* clinics */; };
		6196282A2180035C00DF6A23 /* pharmacy.json in Resources */ = {isa = PBXBuildFile; fileRef = 619628212180035B00DF6A23 /* pharmacy.json */; };
		6196282B2180035C00DF6A23 /* labs.json in Resources */ = {isa = PBXBuildFile; fileRef = 619628222180035B00DF6A23 /* labs.json */; };
		6196282C2180035C00DF6A23 /* semsars.json in Resources */ = {isa = PBXBuildFile; fileRef = 619628232180035B00DF6A23 /* semsars.json */; };
		6196282D2180035C00DF6A23 /* hospitals.json in Resources */ = {isa = PBXBuildFile; fileRef = 619628242180035C00DF6A23 /* hospitals.json */; };
/* End PBXBuildFile section */

/* Begin PBXFileReference section */
		61106A4E21808A560095D491 /* DroidNaskh-Regular.ttf */ = {isa = PBXFileReference; lastKnownFileType = file; path = "DroidNaskh-Regular.ttf"; sourceTree = "<group>"; };
		61106A4F21808A570095D491 /* AD-Rsail.otf */ = {isa = PBXFileReference; lastKnownFileType = file; path = "AD-Rsail.otf"; sourceTree = "<group>"; };
		61106A5021808A590095D491 /* Neckar Font Bold.ttf */ = {isa = PBXFileReference; lastKnownFileType = file; path = "Neckar Font Bold.ttf"; sourceTree = "<group>"; };
		61106A5121808A5A0095D491 /* Neckar Font Regular.ttf */ = {isa = PBXFileReference; lastKnownFileType = file; path = "Neckar Font Regular.ttf"; sourceTree = "<group>"; };
		61106A5221808A5A0095D491 /* DroidSansArabic.ttf */ = {isa = PBXFileReference; lastKnownFileType = file; path = DroidSansArabic.ttf; sourceTree = "<group>"; };
		61106A5321808A5C0095D491 /* DroidNaskh-Bold.ttf */ = {isa = PBXFileReference; lastKnownFileType = file; path = "DroidNaskh-Bold.ttf"; sourceTree = "<group>"; };
		61106A5421808A5D0095D491 /* Sane Font.ttf */ = {isa = PBXFileReference; lastKnownFileType = file; path = "Sane Font.ttf"; sourceTree = "<group>"; };
		61106A5D218090D50095D491 /* TableViewCell.swift */ = {isa = PBXFileReference; lastKnownFileType = sourcecode.swift; path = TableViewCell.swift; sourceTree = "<group>"; };
		61106A5F2180918D0095D491 /* MainTableViewController.swift */ = {isa = PBXFileReference; lastKnownFileType = sourcecode.swift; path = MainTableViewController.swift; sourceTree = "<group>"; };
		61106A61218092810095D491 /* SubTableViewController.swift */ = {isa = PBXFileReference; lastKnownFileType = sourcecode.swift; path = SubTableViewController.swift; sourceTree = "<group>"; };
		61106A63218092980095D491 /* MedicalTableViewController.swift */ = {isa = PBXFileReference; lastKnownFileType = sourcecode.swift; path = MedicalTableViewController.swift; sourceTree = "<group>"; };
		61106A662180932D0095D491 /* JSONKeysNames.swift */ = {isa = PBXFileReference; lastKnownFileType = sourcecode.swift; path = JSONKeysNames.swift; sourceTree = "<group>"; };
		61106A682180AF2A0095D491 /* JSONModels.swift */ = {isa = PBXFileReference; lastKnownFileType = sourcecode.swift; path = JSONModels.swift; sourceTree = "<group>"; };
		61962805218002B800DF6A23 /* YourGuideInAssuit.app */ = {isa = PBXFileReference; explicitFileType = wrapper.application; includeInIndex = 0; path = YourGuideInAssuit.app; sourceTree = BUILT_PRODUCTS_DIR; };
		61962808218002B800DF6A23 /* AppDelegate.swift */ = {isa = PBXFileReference; lastKnownFileType = sourcecode.swift; path = AppDelegate.swift; sourceTree = "<group>"; };
		6196280A218002B800DF6A23 /* DetailsViewController.swift */ = {isa = PBXFileReference; lastKnownFileType = sourcecode.swift; path = DetailsViewController.swift; sourceTree = "<group>"; };
		6196280D218002B800DF6A23 /* Base */ = {isa = PBXFileReference; lastKnownFileType = file.storyboard; name = Base; path = Base.lproj/Main.storyboard; sourceTree = "<group>"; };
		6196280F218002BC00DF6A23 /* Assets.xcassets */ = {isa = PBXFileReference; lastKnownFileType = folder.assetcatalog; path = Assets.xcassets; sourceTree = "<group>"; };
		61962812218002BC00DF6A23 /* Base */ = {isa = PBXFileReference; lastKnownFileType = file.storyboard; name = Base; path = Base.lproj/LaunchScreen.storyboard; sourceTree = "<group>"; };
		61962814218002BC00DF6A23 /* Info.plist */ = {isa = PBXFileReference; lastKnownFileType = text.plist.xml; path = Info.plist; sourceTree = "<group>"; };
		6196281C2180035A00DF6A23 /* departments.json */ = {isa = PBXFileReference; fileEncoding = 4; lastKnownFileType = text.json; path = departments.json; sourceTree = "<group>"; };
		6196281D2180035A00DF6A23 /* hotels.json */ = {isa = PBXFileReference; fileEncoding = 4; lastKnownFileType = text.json; path = hotels.json; sourceTree = "<group>"; };
		6196281E2180035A00DF6A23 /* Restaurants.json */ = {isa = PBXFileReference; fileEncoding = 4; lastKnownFileType = text.json; path = Restaurants.json; sourceTree = "<group>"; };
		6196281F2180035A00DF6A23 /* s_hospitals.json */ = {isa = PBXFileReference; fileEncoding = 4; lastKnownFileType = text.json; path = s_hospitals.json; sourceTree = "<group>"; };
		619628202180035B00DF6A23 /* clinics */ = {isa = PBXFileReference; lastKnownFileType = folder; path = clinics; sourceTree = "<group>"; };
		619628212180035B00DF6A23 /* pharmacy.json */ = {isa = PBXFileReference; fileEncoding = 4; lastKnownFileType = text.json; path = pharmacy.json; sourceTree = "<group>"; };
		619628222180035B00DF6A23 /* labs.json */ = {isa = PBXFileReference; fileEncoding = 4; lastKnownFileType = text.json; path = labs.json; sourceTree = "<group>"; };
		619628232180035B00DF6A23 /* semsars.json */ = {isa = PBXFileReference; fileEncoding = 4; lastKnownFileType = text.json; path = semsars.json; sourceTree = "<group>"; };
		619628242180035C00DF6A23 /* hospitals.json */ = {isa = PBXFileReference; fileEncoding = 4; lastKnownFileType = text.json; path = hospitals.json; sourceTree = "<group>"; };
/* End PBXFileReference section */

/* Begin PBXFrameworksBuildPhase section */
		61962802218002B800DF6A23 /* Frameworks */ = {
			isa = PBXFrameworksBuildPhase;
			buildActionMask = 2147483647;
			files = (
			);
			runOnlyForDeploymentPostprocessing = 0;
		};
/* End PBXFrameworksBuildPhase section */

/* Begin PBXGroup section */
		61106A4D21808A3E0095D491 /* fonts */ = {
			isa = PBXGroup;
			children = (
				61106A4F21808A570095D491 /* AD-Rsail.otf */,
				61106A5321808A5C0095D491 /* DroidNaskh-Bold.ttf */,
				61106A4E21808A560095D491 /* DroidNaskh-Regular.ttf */,
				61106A5221808A5A0095D491 /* DroidSansArabic.ttf */,
				61106A5021808A590095D491 /* Neckar Font Bold.ttf */,
				61106A5121808A5A0095D491 /* Neckar Font Regular.ttf */,
				61106A5421808A5D0095D491 /* Sane Font.ttf */,
			);
			path = fonts;
			sourceTree = "<group>";
		};
		61106A5C21808A910095D491 /* json */ = {
			isa = PBXGroup;
			children = (
				619628202180035B00DF6A23 /* clinics */,
				6196281C2180035A00DF6A23 /* departments.json */,
				619628242180035C00DF6A23 /* hospitals.json */,
				6196281D2180035A00DF6A23 /* hotels.json */,
				619628222180035B00DF6A23 /* labs.json */,
				619628212180035B00DF6A23 /* pharmacy.json */,
				6196281E2180035A00DF6A23 /* Restaurants.json */,
				6196281F2180035A00DF6A23 /* s_hospitals.json */,
				619628232180035B00DF6A23 /* semsars.json */,
			);
			path = json;
			sourceTree = "<group>";
		};
		61106A652180931A0095D491 /* Model */ = {
			isa = PBXGroup;
			children = (
				61106A662180932D0095D491 /* JSONKeysNames.swift */,
				61106A682180AF2A0095D491 /* JSONModels.swift */,
			);
			path = Model;
			sourceTree = "<group>";
		};
		619627FC218002B800DF6A23 = {
			isa = PBXGroup;
			children = (
				61962807218002B800DF6A23 /* YourGuideInAssuit */,
				61962806218002B800DF6A23 /* Products */,
			);
			sourceTree = "<group>";
		};
		61962806218002B800DF6A23 /* Products */ = {
			isa = PBXGroup;
			children = (
				61962805218002B800DF6A23 /* YourGuideInAssuit.app */,
			);
			name = Products;
			sourceTree = "<group>";
		};
		61962807218002B800DF6A23 /* YourGuideInAssuit */ = {
			isa = PBXGroup;
			children = (
				61106A652180931A0095D491 /* Model */,
				6196281B2180032800DF6A23 /* asset */,
				6196281A218002FC00DF6A23 /* App */,
				6196282E2180037100DF6A23 /* Views */,
				6196280C218002B800DF6A23 /* Main.storyboard */,
				61962814218002BC00DF6A23 /* Info.plist */,
			);
			path = YourGuideInAssuit;
			sourceTree = "<group>";
		};
		6196281A218002FC00DF6A23 /* App */ = {
			isa = PBXGroup;
			children = (
				61962811218002BC00DF6A23 /* LaunchScreen.storyboard */,
				61962808218002B800DF6A23 /* AppDelegate.swift */,
				6196280F218002BC00DF6A23 /* Assets.xcassets */,
			);
			path = App;
			sourceTree = "<group>";
		};
		6196281B2180032800DF6A23 /* asset */ = {
			isa = PBXGroup;
			children = (
				61106A4D21808A3E0095D491 /* fonts */,
				61106A5C21808A910095D491 /* json */,
			);
			path = asset;
			sourceTree = "<group>";
		};
		6196282E2180037100DF6A23 /* Views */ = {
			isa = PBXGroup;
			children = (
				61106A5F2180918D0095D491 /* MainTableViewController.swift */,
				61106A61218092810095D491 /* SubTableViewController.swift */,
				61106A63218092980095D491 /* MedicalTableViewController.swift */,
				6196280A218002B800DF6A23 /* DetailsViewController.swift */,
				61106A5D218090D50095D491 /* TableViewCell.swift */,
			);
			path = Views;
			sourceTree = "<group>";
		};
/* End PBXGroup section */

/* Begin PBXNativeTarget section */
		61962804218002B800DF6A23 /* YourGuideInAssuit */ = {
			isa = PBXNativeTarget;
			buildConfigurationList = 61962817218002BC00DF6A23 /* Build configuration list for PBXNativeTarget "YourGuideInAssuit" */;
			buildPhases = (
				61962801218002B800DF6A23 /* Sources */,
				61962802218002B800DF6A23 /* Frameworks */,
				61962803218002B800DF6A23 /* Resources */,
			);
			buildRules = (
			);
			dependencies = (
			);
			name = YourGuideInAssuit;
			productName = YourGuideInAssuit;
			productReference = 61962805218002B800DF6A23 /* YourGuideInAssuit.app */;
			productType = "com.apple.product-type.application";
		};
/* End PBXNativeTarget section */

/* Begin PBXProject section */
		619627FD218002B800DF6A23 /* Project object */ = {
			isa = PBXProject;
			attributes = {
				LastSwiftUpdateCheck = 0940;
				LastUpgradeCheck = 0940;
				ORGANIZATIONNAME = "Mostafa AbdEl Fatah";
				TargetAttributes = {
					61962804218002B800DF6A23 = {
						CreatedOnToolsVersion = 9.4.1;
					};
				};
			};
			buildConfigurationList = 61962800218002B800DF6A23 /* Build configuration list for PBXProject "YourGuideInAssuit" */;
			compatibilityVersion = "Xcode 9.3";
			developmentRegion = en;
			hasScannedForEncodings = 0;
			knownRegions = (
				en,
				Base,
			);
			mainGroup = 619627FC218002B800DF6A23;
			productRefGroup = 61962806218002B800DF6A23 /* Products */;
			projectDirPath = "";
			projectRoot = "";
			targets = (
				61962804218002B800DF6A23 /* YourGuideInAssuit */,
			);
		};
/* End PBXProject section */

/* Begin PBXResourcesBuildPhase section */
		61962803218002B800DF6A23 /* Resources */ = {
			isa = PBXResourcesBuildPhase;
			buildActionMask = 2147483647;
			files = (
				61106A5821808A5E0095D491 /* Neckar Font Regular.ttf in Resources */,
				61106A5621808A5E0095D491 /* AD-Rsail.otf in Resources */,
				619628272180035C00DF6A23 /* Restaurants.json in Resources */,
				61106A5521808A5E0095D491 /* DroidNaskh-Regular.ttf in Resources */,
				619628282180035C00DF6A23 /* s_hospitals.json in Resources */,
				61962813218002BC00DF6A23 /* LaunchScreen.storyboard in Resources */,
				6196282B2180035C00DF6A23 /* labs.json in Resources */,
				61106A5921808A5E0095D491 /* DroidSansArabic.ttf in Resources */,
				61962810218002BC00DF6A23 /* Assets.xcassets in Resources */,
				6196282D2180035C00DF6A23 /* hospitals.json in Resources */,
				61106A5A21808A5E0095D491 /* DroidNaskh-Bold.ttf in Resources */,
				619628292180035C00DF6A23 /* clinics in Resources */,
				619628262180035C00DF6A23 /* hotels.json in Resources */,
				61106A5B21808A5E0095D491 /* Sane Font.ttf in Resources */,
				6196282C2180035C00DF6A23 /* semsars.json in Resources */,
				6196282A2180035C00DF6A23 /* pharmacy.json in Resources */,
				6196280E218002B800DF6A23 /* Main.storyboard in Resources */,
				61106A5721808A5E0095D491 /* Neckar Font Bold.ttf in Resources */,
				619628252180035C00DF6A23 /* departments.json in Resources */,
			);
			runOnlyForDeploymentPostprocessing = 0;
		};
/* End PBXResourcesBuildPhase section */

/* Begin PBXSourcesBuildPhase section */
		61962801218002B800DF6A23 /* Sources */ = {
			isa = PBXSourcesBuildPhase;
			buildActionMask = 2147483647;
			files = (
				61106A602180918D0095D491 /* MainTableViewController.swift in Sources */,
				61106A692180AF2A0095D491 /* JSONModels.swift in Sources */,
				61106A62218092810095D491 /* SubTableViewController.swift in Sources */,
				61106A672180932D0095D491 /* JSONKeysNames.swift in Sources */,
				61106A64218092980095D491 /* MedicalTableViewController.swift in Sources */,
				61106A5E218090D50095D491 /* TableViewCell.swift in Sources */,
				6196280B218002B800DF6A23 /* DetailsViewController.swift in Sources */,
				61962809218002B800DF6A23 /* AppDelegate.swift in Sources */,
			);
			runOnlyForDeploymentPostprocessing = 0;
		};
/* End PBXSourcesBuildPhase section */

/* Begin PBXVariantGroup section */
		6196280C218002B800DF6A23 /* Main.storyboard */ = {
			isa = PBXVariantGroup;
			children = (
				6196280D218002B800DF6A23 /* Base */,
			);
			name = Main.storyboard;
			sourceTree = "<group>";
		};
		61962811218002BC00DF6A23 /* LaunchScreen.storyboard */ = {
			isa = PBXVariantGroup;
			children = (
				61962812218002BC00DF6A23 /* Base */,
			);
			name = LaunchScreen.storyboard;
			sourceTree = "<group>";
		};
/* End PBXVariantGroup section */

/* Begin XCBuildConfiguration section */
		61962815218002BC00DF6A23 /* Debug */ = {
			isa = XCBuildConfiguration;
			buildSettings = {
				ALWAYS_SEARCH_USER_PATHS = NO;
				CLANG_ANALYZER_NONNULL = YES;
				CLANG_ANALYZER_NUMBER_OBJECT_CONVERSION = YES_AGGRESSIVE;
				CLANG_CXX_LANGUAGE_STANDARD = "gnu++14";
				CLANG_CXX_LIBRARY = "libc++";
				CLANG_ENABLE_MODULES = YES;
				CLANG_ENABLE_OBJC_ARC = YES;
				CLANG_ENABLE_OBJC_WEAK = YES;
				CLANG_WARN_BLOCK_CAPTURE_AUTORELEASING = YES;
				CLANG_WARN_BOOL_CONVERSION = YES;
				CLANG_WARN_COMMA = YES;
				CLANG_WARN_CONSTANT_CONVERSION = YES;
				CLANG_WARN_DEPRECATED_OBJC_IMPLEMENTATIONS = YES;
				CLANG_WARN_DIRECT_OBJC_ISA_USAGE = YES_ERROR;
				CLANG_WARN_DOCUMENTATION_COMMENTS = YES;
				CLANG_WARN_EMPTY_BODY = YES;
				CLANG_WARN_ENUM_CONVERSION = YES;
				CLANG_WARN_INFINITE_RECURSION = YES;
				CLANG_WARN_INT_CONVERSION = YES;
				CLANG_WARN_NON_LITERAL_NULL_CONVERSION = YES;
				CLANG_WARN_OBJC_IMPLICIT_RETAIN_SELF = YES;
				CLANG_WARN_OBJC_LITERAL_CONVERSION = YES;
				CLANG_WARN_OBJC_ROOT_CLASS = YES_ERROR;
				CLANG_WARN_RANGE_LOOP_ANALYSIS = YES;
				CLANG_WARN_STRICT_PROTOTYPES = YES;
				CLANG_WARN_SUSPICIOUS_MOVE = YES;
				CLANG_WARN_UNGUARDED_AVAILABILITY = YES_AGGRESSIVE;
				CLANG_WARN_UNREACHABLE_CODE = YES;
				CLANG_WARN__DUPLICATE_METHOD_MATCH = YES;
				CODE_SIGN_IDENTITY = "iPhone Developer";
				COPY_PHASE_STRIP = NO;
				DEBUG_INFORMATION_FORMAT = dwarf;
				ENABLE_STRICT_OBJC_MSGSEND = YES;
				ENABLE_TESTABILITY = YES;
				GCC_C_LANGUAGE_STANDARD = gnu11;
				GCC_DYNAMIC_NO_PIC = NO;
				GCC_NO_COMMON_BLOCKS = YES;
				GCC_OPTIMIZATION_LEVEL = 0;
				GCC_PREPROCESSOR_DEFINITIONS = (
					"DEBUG=1",
					"$(inherited)",
				);
				GCC_WARN_64_TO_32_BIT_CONVERSION = YES;
				GCC_WARN_ABOUT_RETURN_TYPE = YES_ERROR;
				GCC_WARN_UNDECLARED_SELECTOR = YES;
				GCC_WARN_UNINITIALIZED_AUTOS = YES_AGGRESSIVE;
				GCC_WARN_UNUSED_FUNCTION = YES;
				GCC_WARN_UNUSED_VARIABLE = YES;
				IPHONEOS_DEPLOYMENT_TARGET = 11.4;
				MTL_ENABLE_DEBUG_INFO = YES;
				ONLY_ACTIVE_ARCH = YES;
				SDKROOT = iphoneos;
				SWIFT_ACTIVE_COMPILATION_CONDITIONS = DEBUG;
				SWIFT_OPTIMIZATION_LEVEL = "-Onone";
			};
			name = Debug;
		};
		61962816218002BC00DF6A23 /* Release */ = {
			isa = XCBuildConfiguration;
			buildSettings = {
				ALWAYS_SEARCH_USER_PATHS = NO;
				CLANG_ANALYZER_NONNULL = YES;
				CLANG_ANALYZER_NUMBER_OBJECT_CONVERSION = YES_AGGRESSIVE;
				CLANG_CXX_LANGUAGE_STANDARD = "gnu++14";
				CLANG_CXX_LIBRARY = "libc++";
				CLANG_ENABLE_MODULES = YES;
				CLANG_ENABLE_OBJC_ARC = YES;
				CLANG_ENABLE_OBJC_WEAK = YES;
				CLANG_WARN_BLOCK_CAPTURE_AUTORELEASING = YES;
				CLANG_WARN_BOOL_CONVERSION = YES;
				CLANG_WARN_COMMA = YES;
				CLANG_WARN_CONSTANT_CONVERSION = YES;
				CLANG_WARN_DEPRECATED_OBJC_IMPLEMENTATIONS = YES;
				CLANG_WARN_DIRECT_OBJC_ISA_USAGE = YES_ERROR;
				CLANG_WARN_DOCUMENTATION_COMMENTS = YES;
				CLANG_WARN_EMPTY_BODY = YES;
				CLANG_WARN_ENUM_CONVERSION = YES;
				CLANG_WARN_INFINITE_RECURSION = YES;
				CLANG_WARN_INT_CONVERSION = YES;
				CLANG_WARN_NON_LITERAL_NULL_CONVERSION = YES;
				CLANG_WARN_OBJC_IMPLICIT_RETAIN_SELF = YES;
				CLANG_WARN_OBJC_LITERAL_CONVERSION = YES;
				CLANG_WARN_OBJC_ROOT_CLASS = YES_ERROR;
				CLANG_WARN_RANGE_LOOP_ANALYSIS = YES;
				CLANG_WARN_STRICT_PROTOTYPES = YES;
				CLANG_WARN_SUSPICIOUS_MOVE = YES;
				CLANG_WARN_UNGUARDED_AVAILABILITY = YES_AGGRESSIVE;
				CLANG_WARN_UNREACHABLE_CODE = YES;
				CLANG_WARN__DUPLICATE_METHOD_MATCH = YES;
				CODE_SIGN_IDENTITY = "iPhone Developer";
				COPY_PHASE_STRIP = NO;
				DEBUG_INFORMATION_FORMAT = "dwarf-with-dsym";
				ENABLE_NS_ASSERTIONS = NO;
				ENABLE_STRICT_OBJC_MSGSEND = YES;
				GCC_C_LANGUAGE_STANDARD = gnu11;
				GCC_NO_COMMON_BLOCKS = YES;
				GCC_WARN_64_TO_32_BIT_CONVERSION = YES;
				GCC_WARN_ABOUT_RETURN_TYPE = YES_ERROR;
				GCC_WARN_UNDECLARED_SELECTOR = YES;
				GCC_WARN_UNINITIALIZED_AUTOS = YES_AGGRESSIVE;
				GCC_WARN_UNUSED_FUNCTION = YES;
				GCC_WARN_UNUSED_VARIABLE = YES;
				IPHONEOS_DEPLOYMENT_TARGET = 11.4;
				MTL_ENABLE_DEBUG_INFO = NO;
				SDKROOT = iphoneos;
				SWIFT_COMPILATION_MODE = wholemodule;
				SWIFT_OPTIMIZATION_LEVEL = "-O";
				VALIDATE_PRODUCT = YES;
			};
			name = Release;
		};
		61962818218002BC00DF6A23 /* Debug */ = {
			isa = XCBuildConfiguration;
			buildSettings = {
				ASSETCATALOG_COMPILER_APPICON_NAME = AppIcon;
				CODE_SIGN_STYLE = Automatic;
				INFOPLIST_FILE = YourGuideInAssuit/Info.plist;
				LD_RUNPATH_SEARCH_PATHS = (
					"$(inherited)",
					"@executable_path/Frameworks",
				);
				PRODUCT_BUNDLE_IDENTIFIER = com.mostafa.fci.test.YourGuideInAssuit;
				PRODUCT_NAME = "$(TARGET_NAME)";
				SWIFT_VERSION = 4.0;
				TARGETED_DEVICE_FAMILY = "1,2";
			};
			name = Debug;
		};
		61962819218002BC00DF6A23 /* Release */ = {
			isa = XCBuildConfiguration;
			buildSettings = {
				ASSETCATALOG_COMPILER_APPICON_NAME = AppIcon;
				CODE_SIGN_STYLE = Automatic;
				INFOPLIST_FILE = YourGuideInAssuit/Info.plist;
				LD_RUNPATH_SEARCH_PATHS = (
					"$(inherited)",
					"@executable_path/Frameworks",
				);
				PRODUCT_BUNDLE_IDENTIFIER = com.mostafa.fci.test.YourGuideInAssuit;
				PRODUCT_NAME = "$(TARGET_NAME)";
				SWIFT_VERSION = 4.0;
				TARGETED_DEVICE_FAMILY = "1,2";
			};
			name = Release;
		};
/* End XCBuildConfiguration section */

/* Begin XCConfigurationList section */
		61962800218002B800DF6A23 /* Build configuration list for PBXProject "YourGuideInAssuit" */ = {
			isa = XCConfigurationList;
			buildConfigurations = (
				61962815218002BC00DF6A23 /* Debug */,
				61962816218002BC00DF6A23 /* Release */,
			);
			defaultConfigurationIsVisible = 0;
			defaultConfigurationName = Release;
		};
		61962817218002BC00DF6A23 /* Build configuration list for PBXNativeTarget "YourGuideInAssuit" */ = {
			isa = XCConfigurationList;
			buildConfigurations = (
				61962818218002BC00DF6A23 /* Debug */,
				61962819218002BC00DF6A23 /* Release */,
			);
			defaultConfigurationIsVisible = 0;
			defaultConfigurationName = Release;
		};
/* End XCConfigurationList section */
	};
	rootObject = 619627FD218002B800DF6A23 /* Project object */;
}
